
Microsoft Visual Studio Solution File, Format Version 12.00
Project("{FAE04EC0-301F-11D3-BF4B-00C04F79EFBC}") = "Hexagon", "Hexagon\Hexagon.csproj", "{CC3D4413-F1C3-47EE-9B97-B9F02161A63B}"
EndProject
Project("{FAE04EC0-301F-11D3-BF4B-00C04F79EFBC}") = "Hexagon.Database", "Hexagon.Database\Hexagon.Database.csproj", "{2FFAD07B-3B07-4CB7-8284-65779C0A1DD2}"
EndProject
Project("{FAE04EC0-301F-11D3-BF4B-00C04F79EFBC}") = "Hexagon.Logic", "Hexagon.Logic\Hexagon.Logic.csproj", "{EEFF41F5-535E-4545-9535-A5B0F45D8950}"
EndProject
Global
	GlobalSection(SolutionConfigurationPlatforms) = preSolution
		Debug|Any CPU = Debug|Any CPU
		Release|Any CPU = Release|Any CPU
	EndGlobalSection
	GlobalSection(ProjectConfigurationPlatforms) = postSolution
		{CC3D4413-F1C3-47EE-9B97-B9F02161A63B}.Debug|Any CPU.ActiveCfg = Debug|Any CPU
		{CC3D4413-F1C3-47EE-9B97-B9F02161A63B}.Debug|Any CPU.Build.0 = Debug|Any CPU
		{CC3D4413-F1C3-47EE-9B97-B9F02161A63B}.Release|Any CPU.ActiveCfg = Release|Any CPU
		{CC3D4413-F1C3-47EE-9B97-B9F02161A63B}.Release|Any CPU.Build.0 = Release|Any CPU
		{2FFAD07B-3B07-4CB7-8284-65779C0A1DD2}.Debug|Any CPU.ActiveCfg = Debug|Any CPU
		{2FFAD07B-3B07-4CB7-8284-65779C0A1DD2}.Debug|Any CPU.Build.0 = Debug|Any CPU
		{2FFAD07B-3B07-4CB7-8284-65779C0A1DD2}.Release|Any CPU.ActiveCfg = Release|Any CPU
		{2FFAD07B-3B07-4CB7-8284-65779C0A1DD2}.Release|Any CPU.Build.0 = Release|Any CPU
		{EEFF41F5-535E-4545-9535-A5B0F45D8950}.Debug|Any CPU.ActiveCfg = Debug|Any CPU
		{EEFF41F5-535E-4545-9535-A5B0F45D8950}.Debug|Any CPU.Build.0 = Debug|Any CPU
		{EEFF41F5-535E-4545-9535-A5B0F45D8950}.Release|Any CPU.ActiveCfg = Release|Any CPU
		{EEFF41F5-535E-4545-9535-A5B0F45D8950}.Release|Any CPU.Build.0 = Release|Any CPU
	EndGlobalSection
EndGlobal
